
Microsoft Visual Studio Solution File, Format Version 12.00
# Visual Studio Version 17
VisualStudioVersion = 17.4.33122.133
MinimumVisualStudioVersion = 10.0.40219.1
Project("{FAE04EC0-301F-11D3-BF4B-00C04F79EFBC}") = "MyWebApp", "MyWebApp\MyWebApp.csproj", "{EB4F6B54-49D7-4A3B-B459-E2571070DA86}"
EndProject
Global
	GlobalSection(SolutionConfigurationPlatforms) = preSolution
		Debug|Any CPU = Debug|Any CPU
		Release|Any CPU = Release|Any CPU
	EndGlobalSection
	GlobalSection(ProjectConfigurationPlatforms) = postSolution
		{EB4F6B54-49D7-4A3B-B459-E2571070DA86}.Debug|Any CPU.ActiveCfg = Debug|Any CPU
		{EB4F6B54-49D7-4A3B-B459-E2571070DA86}.Debug|Any CPU.Build.0 = Debug|Any CPU
		{EB4F6B54-49D7-4A3B-B459-E2571070DA86}.Release|Any CPU.ActiveCfg = Release|Any CPU
		{EB4F6B54-49D7-4A3B-B459-E2571070DA86}.Release|Any CPU.Build.0 = Release|Any CPU
	EndGlobalSection
	GlobalSection(SolutionProperties) = preSolution
		HideSolutionNode = FALSE
	EndGlobalSection
	GlobalSection(ExtensibilityGlobals) = postSolution
		SolutionGuid = {82BEB5D5-380D-4A24-AC0B-964C13C3E892}
	EndGlobalSection
EndGlobal
